
Microsoft Visual Studio Solution File, Format Version 12.00
# Visual Studio Version 16
VisualStudioVersion = 16.0.28803.156
MinimumVisualStudioVersion = 10.0.40219.1
Project("{FAE04EC0-301F-11D3-BF4B-00C04F79EFBC}") = "VnV_Poc", "VnV_Poc\VnV_Poc.csproj", "{9A3131CD-AB03-4535-B91B-50A00F5AFF08}"
EndProject
Global
	GlobalSection(SolutionConfigurationPlatforms) = preSolution
		Debug|Any CPU = Debug|Any CPU
		Release|Any CPU = Release|Any CPU
	EndGlobalSection
	GlobalSection(ProjectConfigurationPlatforms) = postSolution
		{9A3131CD-AB03-4535-B91B-50A00F5AFF08}.Debug|Any CPU.ActiveCfg = Debug|Any CPU
		{9A3131CD-AB03-4535-B91B-50A00F5AFF08}.Debug|Any CPU.Build.0 = Debug|Any CPU
		{9A3131CD-AB03-4535-B91B-50A00F5AFF08}.Release|Any CPU.ActiveCfg = Release|Any CPU
		{9A3131CD-AB03-4535-B91B-50A00F5AFF08}.Release|Any CPU.Build.0 = Release|Any CPU
	EndGlobalSection
	GlobalSection(SolutionProperties) = preSolution
		HideSolutionNode = FALSE
	EndGlobalSection
	GlobalSection(ExtensibilityGlobals) = postSolution
		SolutionGuid = {18D4ECC9-930F-4F77-96D3-03DB2B0B9647}
	EndGlobalSection
EndGlobal
